
Microsoft Visual Studio Solution File, Format Version 12.00
# Visual Studio 15
VisualStudioVersion = 15.0.28307.438
MinimumVisualStudioVersion = 10.0.40219.1
Project("{FAE04EC0-301F-11D3-BF4B-00C04F79EFBC}") = "XamlYoutubeLoadingSpinner", "XamlYoutubeLoadingSpinner\XamlYoutubeLoadingSpinner.csproj", "{02FD9D8B-710B-44C1-8036-3792BDB5A52F}"
EndProject
Global
	GlobalSection(SolutionConfigurationPlatforms) = preSolution
		Debug|Any CPU = Debug|Any CPU
		Release|Any CPU = Release|Any CPU
	EndGlobalSection
	GlobalSection(ProjectConfigurationPlatforms) = postSolution
		{02FD9D8B-710B-44C1-8036-3792BDB5A52F}.Debug|Any CPU.ActiveCfg = Debug|Any CPU
		{02FD9D8B-710B-44C1-8036-3792BDB5A52F}.Debug|Any CPU.Build.0 = Debug|Any CPU
		{02FD9D8B-710B-44C1-8036-3792BDB5A52F}.Release|Any CPU.ActiveCfg = Release|Any CPU
		{02FD9D8B-710B-44C1-8036-3792BDB5A52F}.Release|Any CPU.Build.0 = Release|Any CPU
	EndGlobalSection
	GlobalSection(SolutionProperties) = preSolution
		HideSolutionNode = FALSE
	EndGlobalSection
	GlobalSection(ExtensibilityGlobals) = postSolution
		SolutionGuid = {E443FAD5-189A-4356-981A-6A2EDE4F80F0}
	EndGlobalSection
EndGlobal
